
Microsoft Visual Studio Solution File, Format Version 12.00
# Visual Studio Version 17
VisualStudioVersion = 17.8.34511.84
MinimumVisualStudioVersion = 10.0.40219.1
Project("{9A19103F-16F7-4668-BE54-9A1E7A4F7556}") = "programa1", "programa1\programa1.csproj", "{A80ECE78-AA4C-46D5-BA79-85C92415E314}"
EndProject
Project("{9A19103F-16F7-4668-BE54-9A1E7A4F7556}") = "programa2", "programa2\programa2.csproj", "{1BB37836-1C35-45E8-A08C-AC27D13798DA}"
EndProject
Project("{9A19103F-16F7-4668-BE54-9A1E7A4F7556}") = "programa3", "programa3\programa3.csproj", "{CF11E919-8242-4903-B23D-4F665A2C34B0}"
EndProject
Project("{2150E333-8FDC-42A3-9474-1A3956D46DE8}") = "resumenes", "resumenes", "{8D701969-6558-44EF-9D24-5B119DE2D9D6}"
EndProject
Project("{FAE04EC0-301F-11D3-BF4B-00C04F79EFBC}") = "programaResumen6", "programaResumen6\programaResumen6.csproj", "{6DA8036B-52B3-4490-B505-D5F47046A4CB}"
EndProject
Global
	GlobalSection(SolutionConfigurationPlatforms) = preSolution
		Debug|Any CPU = Debug|Any CPU
		Release|Any CPU = Release|Any CPU
	EndGlobalSection
	GlobalSection(ProjectConfigurationPlatforms) = postSolution
		{A80ECE78-AA4C-46D5-BA79-85C92415E314}.Debug|Any CPU.ActiveCfg = Debug|Any CPU
		{A80ECE78-AA4C-46D5-BA79-85C92415E314}.Debug|Any CPU.Build.0 = Debug|Any CPU
		{A80ECE78-AA4C-46D5-BA79-85C92415E314}.Release|Any CPU.ActiveCfg = Release|Any CPU
		{A80ECE78-AA4C-46D5-BA79-85C92415E314}.Release|Any CPU.Build.0 = Release|Any CPU
		{1BB37836-1C35-45E8-A08C-AC27D13798DA}.Debug|Any CPU.ActiveCfg = Debug|Any CPU
		{1BB37836-1C35-45E8-A08C-AC27D13798DA}.Debug|Any CPU.Build.0 = Debug|Any CPU
		{1BB37836-1C35-45E8-A08C-AC27D13798DA}.Release|Any CPU.ActiveCfg = Release|Any CPU
		{1BB37836-1C35-45E8-A08C-AC27D13798DA}.Release|Any CPU.Build.0 = Release|Any CPU
		{CF11E919-8242-4903-B23D-4F665A2C34B0}.Debug|Any CPU.ActiveCfg = Debug|Any CPU
		{CF11E919-8242-4903-B23D-4F665A2C34B0}.Debug|Any CPU.Build.0 = Debug|Any CPU
		{CF11E919-8242-4903-B23D-4F665A2C34B0}.Release|Any CPU.ActiveCfg = Release|Any CPU
		{CF11E919-8242-4903-B23D-4F665A2C34B0}.Release|Any CPU.Build.0 = Release|Any CPU
		{6DA8036B-52B3-4490-B505-D5F47046A4CB}.Debug|Any CPU.ActiveCfg = Debug|Any CPU
		{6DA8036B-52B3-4490-B505-D5F47046A4CB}.Debug|Any CPU.Build.0 = Debug|Any CPU
		{6DA8036B-52B3-4490-B505-D5F47046A4CB}.Release|Any CPU.ActiveCfg = Release|Any CPU
		{6DA8036B-52B3-4490-B505-D5F47046A4CB}.Release|Any CPU.Build.0 = Release|Any CPU
	EndGlobalSection
	GlobalSection(SolutionProperties) = preSolution
		HideSolutionNode = FALSE
	EndGlobalSection
	GlobalSection(ExtensibilityGlobals) = postSolution
		SolutionGuid = {1E554E70-846B-48DF-93D5-5A9D577015AD}
	EndGlobalSection
EndGlobal
